// !$*UTF8*$!
{
	archiveVersion = 1;
	classes = {
	};
	objectVersion = 46;
	objects = {

/* Begin PBXBuildFile section */
		10B7ED2A8FD33844BB5033DC /* Pods_FiregramUITests.framework in Frameworks */ = {isa = PBXBuildFile; fileRef = 433B19E5583FA148CAE1CCA6 /* Pods_FiregramUITests.framework */; };
		595E53111EB2D2C300B04B53 /* LoginController.swift in Sources */ = {isa = PBXBuildFile; fileRef = 595E53101EB2D2C300B04B53 /* LoginController.swift */; };
		595E53141EB3214000B04B53 /* PhotoSelectorController.swift in Sources */ = {isa = PBXBuildFile; fileRef = 595E53131EB3214000B04B53 /* PhotoSelectorController.swift */; };
		595E53161EB3350C00B04B53 /* PhotoSelectorCell.swift in Sources */ = {isa = PBXBuildFile; fileRef = 595E53151EB3350C00B04B53 /* PhotoSelectorCell.swift */; };
		595E53181EB3392500B04B53 /* PhotoSelectorHeader.swift in Sources */ = {isa = PBXBuildFile; fileRef = 595E53171EB3392500B04B53 /* PhotoSelectorHeader.swift */; };
		595E531A1EB33F9400B04B53 /* SharePhotoController.swift in Sources */ = {isa = PBXBuildFile; fileRef = 595E53191EB33F9400B04B53 /* SharePhotoController.swift */; };
		5961AF771EB47F1B00D5E1BC /* Post.swift in Sources */ = {isa = PBXBuildFile; fileRef = 5961AF761EB47F1B00D5E1BC /* Post.swift */; };
		5961AF791EB480DD00D5E1BC /* UserProfilePhotoCell.swift in Sources */ = {isa = PBXBuildFile; fileRef = 5961AF781EB480DD00D5E1BC /* UserProfilePhotoCell.swift */; };
		5961AF7B1EB4860100D5E1BC /* CustomImageView.swift in Sources */ = {isa = PBXBuildFile; fileRef = 5961AF7A1EB4860100D5E1BC /* CustomImageView.swift */; };
		5961AF7E1EB48DF400D5E1BC /* HomeController.swift in Sources */ = {isa = PBXBuildFile; fileRef = 5961AF7D1EB48DF400D5E1BC /* HomeController.swift */; };
		5961AF801EB48FEA00D5E1BC /* HomePostCell.swift in Sources */ = {isa = PBXBuildFile; fileRef = 5961AF7F1EB48FEA00D5E1BC /* HomePostCell.swift */; };
		5961AF821EB5CAB100D5E1BC /* User.swift in Sources */ = {isa = PBXBuildFile; fileRef = 5961AF811EB5CAB100D5E1BC /* User.swift */; };
		5961AF841EB5D18700D5E1BC /* Firebase.swift in Sources */ = {isa = PBXBuildFile; fileRef = 5961AF831EB5D18700D5E1BC /* Firebase.swift */; };
		5961AF871EB5D29900D5E1BC /* UserSearchController.swift in Sources */ = {isa = PBXBuildFile; fileRef = 5961AF861EB5D29900D5E1BC /* UserSearchController.swift */; };
		5961AF891EB5DE9A00D5E1BC /* UserSearchCell.swift in Sources */ = {isa = PBXBuildFile; fileRef = 5961AF881EB5DE9A00D5E1BC /* UserSearchCell.swift */; };
		59DD28D91EA418F20012D7A0 /* AppDelegate.swift in Sources */ = {isa = PBXBuildFile; fileRef = 59DD28D81EA418F20012D7A0 /* AppDelegate.swift */; };
		59DD28DB1EA418F20012D7A0 /* SignUpController.swift in Sources */ = {isa = PBXBuildFile; fileRef = 59DD28DA1EA418F20012D7A0 /* SignUpController.swift */; };
		59DD28DE1EA418F20012D7A0 /* Main.storyboard in Resources */ = {isa = PBXBuildFile; fileRef = 59DD28DC1EA418F20012D7A0 /* Main.storyboard */; };
		59DD28E01EA418F20012D7A0 /* Assets.xcassets in Resources */ = {isa = PBXBuildFile; fileRef = 59DD28DF1EA418F20012D7A0 /* Assets.xcassets */; };
		59DD28E31EA418F20012D7A0 /* LaunchScreen.storyboard in Resources */ = {isa = PBXBuildFile; fileRef = 59DD28E11EA418F20012D7A0 /* LaunchScreen.storyboard */; };
		59DD28EE1EA418F20012D7A0 /* FiregramTests.swift in Sources */ = {isa = PBXBuildFile; fileRef = 59DD28ED1EA418F20012D7A0 /* FiregramTests.swift */; };
		59DD28F91EA418F20012D7A0 /* FiregramUITests.swift in Sources */ = {isa = PBXBuildFile; fileRef = 59DD28F81EA418F20012D7A0 /* FiregramUITests.swift */; };
		59DD29081EA42D3B0012D7A0 /* Extensions.swift in Sources */ = {isa = PBXBuildFile; fileRef = 59DD29071EA42D3B0012D7A0 /* Extensions.swift */; };
		59DD290C1EA4432B0012D7A0 /* GoogleService-Info.plist in Resources */ = {isa = PBXBuildFile; fileRef = 59DD290B1EA4432B0012D7A0 /* GoogleService-Info.plist */; };
		59DD290E1EA4858A0012D7A0 /* MainTabBarController.swift in Sources */ = {isa = PBXBuildFile; fileRef = 59DD290D1EA4858A0012D7A0 /* MainTabBarController.swift */; };
		59DD29101EA486860012D7A0 /* UserProfileController.swift in Sources */ = {isa = PBXBuildFile; fileRef = 59DD290F1EA486860012D7A0 /* UserProfileController.swift */; };
		59DD29121EA4AB290012D7A0 /* UserProfileHeader.swift in Sources */ = {isa = PBXBuildFile; fileRef = 59DD29111EA4AB290012D7A0 /* UserProfileHeader.swift */; };
		634B2FB0CBAE85929E9AD5BC /* Pods_Firegram.framework in Frameworks */ = {isa = PBXBuildFile; fileRef = 1ED13BB2F41B972E2C49E861 /* Pods_Firegram.framework */; };
		C750B34B28EEFF3B1F7F2785 /* Pods_FiregramTests.framework in Frameworks */ = {isa = PBXBuildFile; fileRef = 9A573DCAFADBCB0412B8BBB1 /* Pods_FiregramTests.framework */; };
/* End PBXBuildFile section */

/* Begin PBXContainerItemProxy section */
		59DD28EA1EA418F20012D7A0 /* PBXContainerItemProxy */ = {
			isa = PBXContainerItemProxy;
			containerPortal = 59DD28CD1EA418F10012D7A0 /* Project object */;
			proxyType = 1;
			remoteGlobalIDString = 59DD28D41EA418F20012D7A0;
			remoteInfo = Firegram;
		};
		59DD28F51EA418F20012D7A0 /* PBXContainerItemProxy */ = {
			isa = PBXContainerItemProxy;
			containerPortal = 59DD28CD1EA418F10012D7A0 /* Project object */;
			proxyType = 1;
			remoteGlobalIDString = 59DD28D41EA418F20012D7A0;
			remoteInfo = Firegram;
		};
/* End PBXContainerItemProxy section */

/* Begin PBXFileReference section */
		1ED13BB2F41B972E2C49E861 /* Pods_Firegram.framework */ = {isa = PBXFileReference; explicitFileType = wrapper.framework; includeInIndex = 0; path = Pods_Firegram.framework; sourceTree = BUILT_PRODUCTS_DIR; };
		3F38A4B5903C13A8866834EF /* Pods-Firegram.debug.xcconfig */ = {isa = PBXFileReference; includeInIndex = 1; lastKnownFileType = text.xcconfig; name = "Pods-Firegram.debug.xcconfig"; path = "Pods/Target Support Files/Pods-Firegram/Pods-Firegram.debug.xcconfig"; sourceTree = "<group>"; };
		433B19E5583FA148CAE1CCA6 /* Pods_FiregramUITests.framework */ = {isa = PBXFileReference; explicitFileType = wrapper.framework; includeInIndex = 0; path = Pods_FiregramUITests.framework; sourceTree = BUILT_PRODUCTS_DIR; };
		57AF7EC200F7F339166E1E45 /* Pods-FiregramUITests.debug.xcconfig */ = {isa = PBXFileReference; includeInIndex = 1; lastKnownFileType = text.xcconfig; name = "Pods-FiregramUITests.debug.xcconfig"; path = "Pods/Target Support Files/Pods-FiregramUITests/Pods-FiregramUITests.debug.xcconfig"; sourceTree = "<group>"; };
		595E53101EB2D2C300B04B53 /* LoginController.swift */ = {isa = PBXFileReference; fileEncoding = 4; lastKnownFileType = sourcecode.swift; path = LoginController.swift; sourceTree = "<group>"; };
		595E53131EB3214000B04B53 /* PhotoSelectorController.swift */ = {isa = PBXFileReference; fileEncoding = 4; lastKnownFileType = sourcecode.swift; path = PhotoSelectorController.swift; sourceTree = "<group>"; };
		595E53151EB3350C00B04B53 /* PhotoSelectorCell.swift */ = {isa = PBXFileReference; fileEncoding = 4; lastKnownFileType = sourcecode.swift; path = PhotoSelectorCell.swift; sourceTree = "<group>"; };
		595E53171EB3392500B04B53 /* PhotoSelectorHeader.swift */ = {isa = PBXFileReference; fileEncoding = 4; lastKnownFileType = sourcecode.swift; path = PhotoSelectorHeader.swift; sourceTree = "<group>"; };
		595E53191EB33F9400B04B53 /* SharePhotoController.swift */ = {isa = PBXFileReference; fileEncoding = 4; lastKnownFileType = sourcecode.swift; path = SharePhotoController.swift; sourceTree = "<group>"; };
		5961AF761EB47F1B00D5E1BC /* Post.swift */ = {isa = PBXFileReference; fileEncoding = 4; lastKnownFileType = sourcecode.swift; path = Post.swift; sourceTree = "<group>"; };
		5961AF781EB480DD00D5E1BC /* UserProfilePhotoCell.swift */ = {isa = PBXFileReference; fileEncoding = 4; lastKnownFileType = sourcecode.swift; path = UserProfilePhotoCell.swift; sourceTree = "<group>"; };
		5961AF7A1EB4860100D5E1BC /* CustomImageView.swift */ = {isa = PBXFileReference; fileEncoding = 4; lastKnownFileType = sourcecode.swift; path = CustomImageView.swift; sourceTree = "<group>"; };
		5961AF7D1EB48DF400D5E1BC /* HomeController.swift */ = {isa = PBXFileReference; fileEncoding = 4; lastKnownFileType = sourcecode.swift; path = HomeController.swift; sourceTree = "<group>"; };
		5961AF7F1EB48FEA00D5E1BC /* HomePostCell.swift */ = {isa = PBXFileReference; fileEncoding = 4; lastKnownFileType = sourcecode.swift; path = HomePostCell.swift; sourceTree = "<group>"; };
		5961AF811EB5CAB100D5E1BC /* User.swift */ = {isa = PBXFileReference; fileEncoding = 4; lastKnownFileType = sourcecode.swift; path = User.swift; sourceTree = "<group>"; };
		5961AF831EB5D18700D5E1BC /* Firebase.swift */ = {isa = PBXFileReference; fileEncoding = 4; lastKnownFileType = sourcecode.swift; path = Firebase.swift; sourceTree = "<group>"; };
		5961AF861EB5D29900D5E1BC /* UserSearchController.swift */ = {isa = PBXFileReference; fileEncoding = 4; lastKnownFileType = sourcecode.swift; path = UserSearchController.swift; sourceTree = "<group>"; };
		5961AF881EB5DE9A00D5E1BC /* UserSearchCell.swift */ = {isa = PBXFileReference; fileEncoding = 4; lastKnownFileType = sourcecode.swift; path = UserSearchCell.swift; sourceTree = "<group>"; };
		59DD28D51EA418F20012D7A0 /* Firegram.app */ = {isa = PBXFileReference; explicitFileType = wrapper.application; includeInIndex = 0; path = Firegram.app; sourceTree = BUILT_PRODUCTS_DIR; };
		59DD28D81EA418F20012D7A0 /* AppDelegate.swift */ = {isa = PBXFileReference; lastKnownFileType = sourcecode.swift; path = AppDelegate.swift; sourceTree = "<group>"; };
		59DD28DA1EA418F20012D7A0 /* SignUpController.swift */ = {isa = PBXFileReference; lastKnownFileType = sourcecode.swift; path = SignUpController.swift; sourceTree = "<group>"; };
		59DD28DD1EA418F20012D7A0 /* Base */ = {isa = PBXFileReference; lastKnownFileType = file.storyboard; name = Base; path = Base.lproj/Main.storyboard; sourceTree = "<group>"; };
		59DD28DF1EA418F20012D7A0 /* Assets.xcassets */ = {isa = PBXFileReference; lastKnownFileType = folder.assetcatalog; path = Assets.xcassets; sourceTree = "<group>"; };
		59DD28E21EA418F20012D7A0 /* Base */ = {isa = PBXFileReference; lastKnownFileType = file.storyboard; name = Base; path = Base.lproj/LaunchScreen.storyboard; sourceTree = "<group>"; };
		59DD28E41EA418F20012D7A0 /* Info.plist */ = {isa = PBXFileReference; lastKnownFileType = text.plist.xml; path = Info.plist; sourceTree = "<group>"; };
		59DD28E91EA418F20012D7A0 /* FiregramTests.xctest */ = {isa = PBXFileReference; explicitFileType = wrapper.cfbundle; includeInIndex = 0; path = FiregramTests.xctest; sourceTree = BUILT_PRODUCTS_DIR; };
		59DD28ED1EA418F20012D7A0 /* FiregramTests.swift */ = {isa = PBXFileReference; lastKnownFileType = sourcecode.swift; path = FiregramTests.swift; sourceTree = "<group>"; };
		59DD28EF1EA418F20012D7A0 /* Info.plist */ = {isa = PBXFileReference; lastKnownFileType = text.plist.xml; path = Info.plist; sourceTree = "<group>"; };
		59DD28F41EA418F20012D7A0 /* FiregramUITests.xctest */ = {isa = PBXFileReference; explicitFileType = wrapper.cfbundle; includeInIndex = 0; path = FiregramUITests.xctest; sourceTree = BUILT_PRODUCTS_DIR; };
		59DD28F81EA418F20012D7A0 /* FiregramUITests.swift */ = {isa = PBXFileReference; lastKnownFileType = sourcecode.swift; path = FiregramUITests.swift; sourceTree = "<group>"; };
		59DD28FA1EA418F20012D7A0 /* Info.plist */ = {isa = PBXFileReference; lastKnownFileType = text.plist.xml; path = Info.plist; sourceTree = "<group>"; };
		59DD29071EA42D3B0012D7A0 /* Extensions.swift */ = {isa = PBXFileReference; fileEncoding = 4; lastKnownFileType = sourcecode.swift; path = Extensions.swift; sourceTree = "<group>"; };
		59DD290B1EA4432B0012D7A0 /* GoogleService-Info.plist */ = {isa = PBXFileReference; fileEncoding = 4; lastKnownFileType = text.plist.xml; path = "GoogleService-Info.plist"; sourceTree = "<group>"; };
		59DD290D1EA4858A0012D7A0 /* MainTabBarController.swift */ = {isa = PBXFileReference; fileEncoding = 4; lastKnownFileType = sourcecode.swift; path = MainTabBarController.swift; sourceTree = "<group>"; };
		59DD290F1EA486860012D7A0 /* UserProfileController.swift */ = {isa = PBXFileReference; fileEncoding = 4; lastKnownFileType = sourcecode.swift; path = UserProfileController.swift; sourceTree = "<group>"; };
		59DD29111EA4AB290012D7A0 /* UserProfileHeader.swift */ = {isa = PBXFileReference; fileEncoding = 4; lastKnownFileType = sourcecode.swift; path = UserProfileHeader.swift; sourceTree = "<group>"; };
		7A7F9AE24F9AB1B38EE6150A /* Pods-Firegram.release.xcconfig */ = {isa = PBXFileReference; includeInIndex = 1; lastKnownFileType = text.xcconfig; name = "Pods-Firegram.release.xcconfig"; path = "Pods/Target Support Files/Pods-Firegram/Pods-Firegram.release.xcconfig"; sourceTree = "<group>"; };
		8CCAC5975CD863DAFFB0DD91 /* Pods-FiregramUITests.release.xcconfig */ = {isa = PBXFileReference; includeInIndex = 1; lastKnownFileType = text.xcconfig; name = "Pods-FiregramUITests.release.xcconfig"; path = "Pods/Target Support Files/Pods-FiregramUITests/Pods-FiregramUITests.release.xcconfig"; sourceTree = "<group>"; };
		9A573DCAFADBCB0412B8BBB1 /* Pods_FiregramTests.framework */ = {isa = PBXFileReference; explicitFileType = wrapper.framework; includeInIndex = 0; path = Pods_FiregramTests.framework; sourceTree = BUILT_PRODUCTS_DIR; };
		D3ACE764089519811C9F046C /* Pods-FiregramTests.debug.xcconfig */ = {isa = PBXFileReference; includeInIndex = 1; lastKnownFileType = text.xcconfig; name = "Pods-FiregramTests.debug.xcconfig"; path = "Pods/Target Support Files/Pods-FiregramTests/Pods-FiregramTests.debug.xcconfig"; sourceTree = "<group>"; };
		ED92FB03497E38D46EB8FD53 /* Pods-FiregramTests.release.xcconfig */ = {isa = PBXFileReference; includeInIndex = 1; lastKnownFileType = text.xcconfig; name = "Pods-FiregramTests.release.xcconfig"; path = "Pods/Target Support Files/Pods-FiregramTests/Pods-FiregramTests.release.xcconfig"; sourceTree = "<group>"; };
/* End PBXFileReference section */

/* Begin PBXFrameworksBuildPhase section */
		59DD28D21EA418F20012D7A0 /* Frameworks */ = {
			isa = PBXFrameworksBuildPhase;
			buildActionMask = 2147483647;
			files = (
				634B2FB0CBAE85929E9AD5BC /* Pods_Firegram.framework in Frameworks */,
			);
			runOnlyForDeploymentPostprocessing = 0;
		};
		59DD28E61EA418F20012D7A0 /* Frameworks */ = {
			isa = PBXFrameworksBuildPhase;
			buildActionMask = 2147483647;
			files = (
				C750B34B28EEFF3B1F7F2785 /* Pods_FiregramTests.framework in Frameworks */,
			);
			runOnlyForDeploymentPostprocessing = 0;
		};
		59DD28F11EA418F20012D7A0 /* Frameworks */ = {
			isa = PBXFrameworksBuildPhase;
			buildActionMask = 2147483647;
			files = (
				10B7ED2A8FD33844BB5033DC /* Pods_FiregramUITests.framework in Frameworks */,
			);
			runOnlyForDeploymentPostprocessing = 0;
		};
/* End PBXFrameworksBuildPhase section */

/* Begin PBXGroup section */
		595E530F1EB2D2B200B04B53 /* Login */ = {
			isa = PBXGroup;
			children = (
				595E53101EB2D2C300B04B53 /* LoginController.swift */,
				59DD28DA1EA418F20012D7A0 /* SignUpController.swift */,
			);
			name = Login;
			sourceTree = "<group>";
		};
		595E53121EB3212900B04B53 /* AddPhoto */ = {
			isa = PBXGroup;
			children = (
				595E53131EB3214000B04B53 /* PhotoSelectorController.swift */,
				595E53151EB3350C00B04B53 /* PhotoSelectorCell.swift */,
				595E53171EB3392500B04B53 /* PhotoSelectorHeader.swift */,
				595E53191EB33F9400B04B53 /* SharePhotoController.swift */,
			);
			name = AddPhoto;
			sourceTree = "<group>";
		};
		5961AF751EB47F0900D5E1BC /* Models */ = {
			isa = PBXGroup;
			children = (
				5961AF761EB47F1B00D5E1BC /* Post.swift */,
				5961AF811EB5CAB100D5E1BC /* User.swift */,
			);
			name = Models;
			sourceTree = "<group>";
		};
		5961AF7C1EB48DBA00D5E1BC /* Home */ = {
			isa = PBXGroup;
			children = (
				5961AF7D1EB48DF400D5E1BC /* HomeController.swift */,
				5961AF7F1EB48FEA00D5E1BC /* HomePostCell.swift */,
			);
			name = Home;
			sourceTree = "<group>";
		};
		5961AF851EB5D26900D5E1BC /* Search */ = {
			isa = PBXGroup;
			children = (
				5961AF861EB5D29900D5E1BC /* UserSearchController.swift */,
				5961AF881EB5DE9A00D5E1BC /* UserSearchCell.swift */,
			);
			name = Search;
			sourceTree = "<group>";
		};
		59DD28CC1EA418F10012D7A0 = {
			isa = PBXGroup;
			children = (
				59DD28D71EA418F20012D7A0 /* Firegram */,
				59DD28EC1EA418F20012D7A0 /* FiregramTests */,
				59DD28F71EA418F20012D7A0 /* FiregramUITests */,
				59DD28D61EA418F20012D7A0 /* Products */,
				C1FD29C8DDA9D1139BE6C899 /* Pods */,
				DFAC42CF77213ACCF78EDD67 /* Frameworks */,
			);
			sourceTree = "<group>";
		};
		59DD28D61EA418F20012D7A0 /* Products */ = {
			isa = PBXGroup;
			children = (
				59DD28D51EA418F20012D7A0 /* Firegram.app */,
				59DD28E91EA418F20012D7A0 /* FiregramTests.xctest */,
				59DD28F41EA418F20012D7A0 /* FiregramUITests.xctest */,
			);
			name = Products;
			sourceTree = "<group>";
		};
		59DD28D71EA418F20012D7A0 /* Firegram */ = {
			isa = PBXGroup;
			children = (
				5961AF851EB5D26900D5E1BC /* Search */,
				5961AF7C1EB48DBA00D5E1BC /* Home */,
				5961AF751EB47F0900D5E1BC /* Models */,
				595E53121EB3212900B04B53 /* AddPhoto */,
				595E530F1EB2D2B200B04B53 /* Login */,
				59DD29131EA4ABAD0012D7A0 /* User Profile */,
				59DD29061EA42D1B0012D7A0 /* Utils */,
				59DD28D81EA418F20012D7A0 /* AppDelegate.swift */,
				59DD290D1EA4858A0012D7A0 /* MainTabBarController.swift */,
				59DD28DC1EA418F20012D7A0 /* Main.storyboard */,
				59DD28DF1EA418F20012D7A0 /* Assets.xcassets */,
				59DD28E11EA418F20012D7A0 /* LaunchScreen.storyboard */,
				59DD28E41EA418F20012D7A0 /* Info.plist */,
				59DD290B1EA4432B0012D7A0 /* GoogleService-Info.plist */,
			);
			path = Firegram;
			sourceTree = "<group>";
		};
		59DD28EC1EA418F20012D7A0 /* FiregramTests */ = {
			isa = PBXGroup;
			children = (
				59DD28ED1EA418F20012D7A0 /* FiregramTests.swift */,
				59DD28EF1EA418F20012D7A0 /* Info.plist */,
			);
			path = FiregramTests;
			sourceTree = "<group>";
		};
		59DD28F71EA418F20012D7A0 /* FiregramUITests */ = {
			isa = PBXGroup;
			children = (
				59DD28F81EA418F20012D7A0 /* FiregramUITests.swift */,
				59DD28FA1EA418F20012D7A0 /* Info.plist */,
			);
			path = FiregramUITests;
			sourceTree = "<group>";
		};
		59DD29061EA42D1B0012D7A0 /* Utils */ = {
			isa = PBXGroup;
			children = (
				59DD29071EA42D3B0012D7A0 /* Extensions.swift */,
				5961AF7A1EB4860100D5E1BC /* CustomImageView.swift */,
				5961AF831EB5D18700D5E1BC /* Firebase.swift */,
			);
			name = Utils;
			sourceTree = "<group>";
		};
		59DD29131EA4ABAD0012D7A0 /* User Profile */ = {
			isa = PBXGroup;
			children = (
				59DD290F1EA486860012D7A0 /* UserProfileController.swift */,
				59DD29111EA4AB290012D7A0 /* UserProfileHeader.swift */,
				5961AF781EB480DD00D5E1BC /* UserProfilePhotoCell.swift */,
			);
			name = "User Profile";
			sourceTree = "<group>";
		};
		C1FD29C8DDA9D1139BE6C899 /* Pods */ = {
			isa = PBXGroup;
			children = (
				3F38A4B5903C13A8866834EF /* Pods-Firegram.debug.xcconfig */,
				7A7F9AE24F9AB1B38EE6150A /* Pods-Firegram.release.xcconfig */,
				D3ACE764089519811C9F046C /* Pods-FiregramTests.debug.xcconfig */,
				ED92FB03497E38D46EB8FD53 /* Pods-FiregramTests.release.xcconfig */,
				57AF7EC200F7F339166E1E45 /* Pods-FiregramUITests.debug.xcconfig */,
				8CCAC5975CD863DAFFB0DD91 /* Pods-FiregramUITests.release.xcconfig */,
			);
			name = Pods;
			sourceTree = "<group>";
		};
		DFAC42CF77213ACCF78EDD67 /* Frameworks */ = {
			isa = PBXGroup;
			children = (
				1ED13BB2F41B972E2C49E861 /* Pods_Firegram.framework */,
				9A573DCAFADBCB0412B8BBB1 /* Pods_FiregramTests.framework */,
				433B19E5583FA148CAE1CCA6 /* Pods_FiregramUITests.framework */,
			);
			name = Frameworks;
			sourceTree = "<group>";
		};
/* End PBXGroup section */

/* Begin PBXNativeTarget section */
		59DD28D41EA418F20012D7A0 /* Firegram */ = {
			isa = PBXNativeTarget;
			buildConfigurationList = 59DD28FD1EA418F20012D7A0 /* Build configuration list for PBXNativeTarget "Firegram" */;
			buildPhases = (
				AD1EC1324894E2064545EE01 /* [CP] Check Pods Manifest.lock */,
				59DD28D11EA418F20012D7A0 /* Sources */,
				59DD28D21EA418F20012D7A0 /* Frameworks */,
				59DD28D31EA418F20012D7A0 /* Resources */,
				E2582A42B6299B8AFCC2F16F /* [CP] Embed Pods Frameworks */,
				8D69334DFACBA021B7A2F06D /* [CP] Copy Pods Resources */,
			);
			buildRules = (
			);
			dependencies = (
			);
			name = Firegram;
			productName = Firegram;
			productReference = 59DD28D51EA418F20012D7A0 /* Firegram.app */;
			productType = "com.apple.product-type.application";
		};
		59DD28E81EA418F20012D7A0 /* FiregramTests */ = {
			isa = PBXNativeTarget;
			buildConfigurationList = 59DD29001EA418F20012D7A0 /* Build configuration list for PBXNativeTarget "FiregramTests" */;
			buildPhases = (
				E380076D9DE8784560DA7B2E /* [CP] Check Pods Manifest.lock */,
				59DD28E51EA418F20012D7A0 /* Sources */,
				59DD28E61EA418F20012D7A0 /* Frameworks */,
				59DD28E71EA418F20012D7A0 /* Resources */,
				993552FB81640C118B2EB933 /* [CP] Embed Pods Frameworks */,
				0B578A00CAFBFD9A4B139B85 /* [CP] Copy Pods Resources */,
			);
			buildRules = (
			);
			dependencies = (
				59DD28EB1EA418F20012D7A0 /* PBXTargetDependency */,
			);
			name = FiregramTests;
			productName = FiregramTests;
			productReference = 59DD28E91EA418F20012D7A0 /* FiregramTests.xctest */;
			productType = "com.apple.product-type.bundle.unit-test";
		};
		59DD28F31EA418F20012D7A0 /* FiregramUITests */ = {
			isa = PBXNativeTarget;
			buildConfigurationList = 59DD29031EA418F20012D7A0 /* Build configuration list for PBXNativeTarget "FiregramUITests" */;
			buildPhases = (
				DD9E2C4F821E2B6825A1D939 /* [CP] Check Pods Manifest.lock */,
				59DD28F01EA418F20012D7A0 /* Sources */,
				59DD28F11EA418F20012D7A0 /* Frameworks */,
				59DD28F21EA418F20012D7A0 /* Resources */,
				A809A3CA58E86DC58DFF77C5 /* [CP] Embed Pods Frameworks */,
				1A592FBC914CF170B4B13CA3 /* [CP] Copy Pods Resources */,
			);
			buildRules = (
			);
			dependencies = (
				59DD28F61EA418F20012D7A0 /* PBXTargetDependency */,
			);
			name = FiregramUITests;
			productName = FiregramUITests;
			productReference = 59DD28F41EA418F20012D7A0 /* FiregramUITests.xctest */;
			productType = "com.apple.product-type.bundle.ui-testing";
		};
/* End PBXNativeTarget section */

/* Begin PBXProject section */
		59DD28CD1EA418F10012D7A0 /* Project object */ = {
			isa = PBXProject;
			attributes = {
				LastSwiftUpdateCheck = 0830;
				LastUpgradeCheck = 0830;
				ORGANIZATIONNAME = "Nithin Reddy Gaddam";
				TargetAttributes = {
					59DD28D41EA418F20012D7A0 = {
						CreatedOnToolsVersion = 8.3.1;
						DevelopmentTeam = 3FYM93LDK9;
						ProvisioningStyle = Automatic;
					};
					59DD28E81EA418F20012D7A0 = {
						CreatedOnToolsVersion = 8.3.1;
						DevelopmentTeam = 3FYM93LDK9;
						ProvisioningStyle = Automatic;
						TestTargetID = 59DD28D41EA418F20012D7A0;
					};
					59DD28F31EA418F20012D7A0 = {
						CreatedOnToolsVersion = 8.3.1;
						DevelopmentTeam = 3FYM93LDK9;
						ProvisioningStyle = Automatic;
						TestTargetID = 59DD28D41EA418F20012D7A0;
					};
				};
			};
			buildConfigurationList = 59DD28D01EA418F10012D7A0 /* Build configuration list for PBXProject "Firegram" */;
			compatibilityVersion = "Xcode 3.2";
			developmentRegion = English;
			hasScannedForEncodings = 0;
			knownRegions = (
				en,
				Base,
			);
			mainGroup = 59DD28CC1EA418F10012D7A0;
			productRefGroup = 59DD28D61EA418F20012D7A0 /* Products */;
			projectDirPath = "";
			projectRoot = "";
			targets = (
				59DD28D41EA418F20012D7A0 /* Firegram */,
				59DD28E81EA418F20012D7A0 /* FiregramTests */,
				59DD28F31EA418F20012D7A0 /* FiregramUITests */,
			);
		};
/* End PBXProject section */

/* Begin PBXResourcesBuildPhase section */
		59DD28D31EA418F20012D7A0 /* Resources */ = {
			isa = PBXResourcesBuildPhase;
			buildActionMask = 2147483647;
			files = (
				59DD28E31EA418F20012D7A0 /* LaunchScreen.storyboard in Resources */,
				59DD290C1EA4432B0012D7A0 /* GoogleService-Info.plist in Resources */,
				59DD28E01EA418F20012D7A0 /* Assets.xcassets in Resources */,
				59DD28DE1EA418F20012D7A0 /* Main.storyboard in Resources */,
			);
			runOnlyForDeploymentPostprocessing = 0;
		};
		59DD28E71EA418F20012D7A0 /* Resources */ = {
			isa = PBXResourcesBuildPhase;
			buildActionMask = 2147483647;
			files = (
			);
			runOnlyForDeploymentPostprocessing = 0;
		};
		59DD28F21EA418F20012D7A0 /* Resources */ = {
			isa = PBXResourcesBuildPhase;
			buildActionMask = 2147483647;
			files = (
			);
			runOnlyForDeploymentPostprocessing = 0;
		};
/* End PBXResourcesBuildPhase section */

/* Begin PBXShellScriptBuildPhase section */
		0B578A00CAFBFD9A4B139B85 /* [CP] Copy Pods Resources */ = {
			isa = PBXShellScriptBuildPhase;
			buildActionMask = 2147483647;
			files = (
			);
			inputPaths = (
			);
			name = "[CP] Copy Pods Resources";
			outputPaths = (
			);
			runOnlyForDeploymentPostprocessing = 0;
			shellPath = /bin/sh;
			shellScript = "\"${SRCROOT}/Pods/Target Support Files/Pods-FiregramTests/Pods-FiregramTests-resources.sh\"\n";
			showEnvVarsInLog = 0;
		};
		1A592FBC914CF170B4B13CA3 /* [CP] Copy Pods Resources */ = {
			isa = PBXShellScriptBuildPhase;
			buildActionMask = 2147483647;
			files = (
			);
			inputPaths = (
			);
			name = "[CP] Copy Pods Resources";
			outputPaths = (
			);
			runOnlyForDeploymentPostprocessing = 0;
			shellPath = /bin/sh;
			shellScript = "\"${SRCROOT}/Pods/Target Support Files/Pods-FiregramUITests/Pods-FiregramUITests-resources.sh\"\n";
			showEnvVarsInLog = 0;
		};
		8D69334DFACBA021B7A2F06D /* [CP] Copy Pods Resources */ = {
			isa = PBXShellScriptBuildPhase;
			buildActionMask = 2147483647;
			files = (
			);
			inputPaths = (
			);
			name = "[CP] Copy Pods Resources";
			outputPaths = (
			);
			runOnlyForDeploymentPostprocessing = 0;
			shellPath = /bin/sh;
			shellScript = "\"${SRCROOT}/Pods/Target Support Files/Pods-Firegram/Pods-Firegram-resources.sh\"\n";
			showEnvVarsInLog = 0;
		};
		993552FB81640C118B2EB933 /* [CP] Embed Pods Frameworks */ = {
			isa = PBXShellScriptBuildPhase;
			buildActionMask = 2147483647;
			files = (
			);
			inputPaths = (
			);
			name = "[CP] Embed Pods Frameworks";
			outputPaths = (
			);
			runOnlyForDeploymentPostprocessing = 0;
			shellPath = /bin/sh;
			shellScript = "\"${SRCROOT}/Pods/Target Support Files/Pods-FiregramTests/Pods-FiregramTests-frameworks.sh\"\n";
			showEnvVarsInLog = 0;
		};
		A809A3CA58E86DC58DFF77C5 /* [CP] Embed Pods Frameworks */ = {
			isa = PBXShellScriptBuildPhase;
			buildActionMask = 2147483647;
			files = (
			);
			inputPaths = (
			);
			name = "[CP] Embed Pods Frameworks";
			outputPaths = (
			);
			runOnlyForDeploymentPostprocessing = 0;
			shellPath = /bin/sh;
			shellScript = "\"${SRCROOT}/Pods/Target Support Files/Pods-FiregramUITests/Pods-FiregramUITests-frameworks.sh\"\n";
			showEnvVarsInLog = 0;
		};
		AD1EC1324894E2064545EE01 /* [CP] Check Pods Manifest.lock */ = {
			isa = PBXShellScriptBuildPhase;
			buildActionMask = 2147483647;
			files = (
			);
			inputPaths = (
			);
			name = "[CP] Check Pods Manifest.lock";
			outputPaths = (
			);
			runOnlyForDeploymentPostprocessing = 0;
			shellPath = /bin/sh;
			shellScript = "diff \"${PODS_ROOT}/../Podfile.lock\" \"${PODS_ROOT}/Manifest.lock\" > /dev/null\nif [ $? != 0 ] ; then\n    # print error to STDERR\n    echo \"error: The sandbox is not in sync with the Podfile.lock. Run 'pod install' or update your CocoaPods installation.\" >&2\n    exit 1\nfi\n";
			showEnvVarsInLog = 0;
		};
		DD9E2C4F821E2B6825A1D939 /* [CP] Check Pods Manifest.lock */ = {
			isa = PBXShellScriptBuildPhase;
			buildActionMask = 2147483647;
			files = (
			);
			inputPaths = (
			);
			name = "[CP] Check Pods Manifest.lock";
			outputPaths = (
			);
			runOnlyForDeploymentPostprocessing = 0;
			shellPath = /bin/sh;
			shellScript = "diff \"${PODS_ROOT}/../Podfile.lock\" \"${PODS_ROOT}/Manifest.lock\" > /dev/null\nif [ $? != 0 ] ; then\n    # print error to STDERR\n    echo \"error: The sandbox is not in sync with the Podfile.lock. Run 'pod install' or update your CocoaPods installation.\" >&2\n    exit 1\nfi\n";
			showEnvVarsInLog = 0;
		};
		E2582A42B6299B8AFCC2F16F /* [CP] Embed Pods Frameworks */ = {
			isa = PBXShellScriptBuildPhase;
			buildActionMask = 2147483647;
			files = (
			);
			inputPaths = (
			);
			name = "[CP] Embed Pods Frameworks";
			outputPaths = (
			);
			runOnlyForDeploymentPostprocessing = 0;
			shellPath = /bin/sh;
			shellScript = "\"${SRCROOT}/Pods/Target Support Files/Pods-Firegram/Pods-Firegram-frameworks.sh\"\n";
			showEnvVarsInLog = 0;
		};
		E380076D9DE8784560DA7B2E /* [CP] Check Pods Manifest.lock */ = {
			isa = PBXShellScriptBuildPhase;
			buildActionMask = 2147483647;
			files = (
			);
			inputPaths = (
			);
			name = "[CP] Check Pods Manifest.lock";
			outputPaths = (
			);
			runOnlyForDeploymentPostprocessing = 0;
			shellPath = /bin/sh;
			shellScript = "diff \"${PODS_ROOT}/../Podfile.lock\" \"${PODS_ROOT}/Manifest.lock\" > /dev/null\nif [ $? != 0 ] ; then\n    # print error to STDERR\n    echo \"error: The sandbox is not in sync with the Podfile.lock. Run 'pod install' or update your CocoaPods installation.\" >&2\n    exit 1\nfi\n";
			showEnvVarsInLog = 0;
		};
/* End PBXShellScriptBuildPhase section */

/* Begin PBXSourcesBuildPhase section */
		59DD28D11EA418F20012D7A0 /* Sources */ = {
			isa = PBXSourcesBuildPhase;
			buildActionMask = 2147483647;
			files = (
				5961AF891EB5DE9A00D5E1BC /* UserSearchCell.swift in Sources */,
				595E531A1EB33F9400B04B53 /* SharePhotoController.swift in Sources */,
				59DD28DB1EA418F20012D7A0 /* SignUpController.swift in Sources */,
				595E53161EB3350C00B04B53 /* PhotoSelectorCell.swift in Sources */,
				5961AF7B1EB4860100D5E1BC /* CustomImageView.swift in Sources */,
				5961AF771EB47F1B00D5E1BC /* Post.swift in Sources */,
				59DD29081EA42D3B0012D7A0 /* Extensions.swift in Sources */,
				5961AF871EB5D29900D5E1BC /* UserSearchController.swift in Sources */,
				5961AF841EB5D18700D5E1BC /* Firebase.swift in Sources */,
				5961AF791EB480DD00D5E1BC /* UserProfilePhotoCell.swift in Sources */,
				5961AF821EB5CAB100D5E1BC /* User.swift in Sources */,
				59DD290E1EA4858A0012D7A0 /* MainTabBarController.swift in Sources */,
				59DD29121EA4AB290012D7A0 /* UserProfileHeader.swift in Sources */,
				59DD29101EA486860012D7A0 /* UserProfileController.swift in Sources */,
				59DD28D91EA418F20012D7A0 /* AppDelegate.swift in Sources */,
				595E53111EB2D2C300B04B53 /* LoginController.swift in Sources */,
				5961AF801EB48FEA00D5E1BC /* HomePostCell.swift in Sources */,
				595E53181EB3392500B04B53 /* PhotoSelectorHeader.swift in Sources */,
				595E53141EB3214000B04B53 /* PhotoSelectorController.swift in Sources */,
				5961AF7E1EB48DF400D5E1BC /* HomeController.swift in Sources */,
			);
			runOnlyForDeploymentPostprocessing = 0;
		};
		59DD28E51EA418F20012D7A0 /* Sources */ = {
			isa = PBXSourcesBuildPhase;
			buildActionMask = 2147483647;
			files = (
				59DD28EE1EA418F20012D7A0 /* FiregramTests.swift in Sources */,
			);
			runOnlyForDeploymentPostprocessing = 0;
		};
		59DD28F01EA418F20012D7A0 /* Sources */ = {
			isa = PBXSourcesBuildPhase;
			buildActionMask = 2147483647;
			files = (
				59DD28F91EA418F20012D7A0 /* FiregramUITests.swift in Sources */,
			);
			runOnlyForDeploymentPostprocessing = 0;
		};
/* End PBXSourcesBuildPhase section */

/* Begin PBXTargetDependency section */
		59DD28EB1EA418F20012D7A0 /* PBXTargetDependency */ = {
			isa = PBXTargetDependency;
			target = 59DD28D41EA418F20012D7A0 /* Firegram */;
			targetProxy = 59DD28EA1EA418F20012D7A0 /* PBXContainerItemProxy */;
		};
		59DD28F61EA418F20012D7A0 /* PBXTargetDependency */ = {
			isa = PBXTargetDependency;
			target = 59DD28D41EA418F20012D7A0 /* Firegram */;
			targetProxy = 59DD28F51EA418F20012D7A0 /* PBXContainerItemProxy */;
		};
/* End PBXTargetDependency section */

/* Begin PBXVariantGroup section */
		59DD28DC1EA418F20012D7A0 /* Main.storyboard */ = {
			isa = PBXVariantGroup;
			children = (
				59DD28DD1EA418F20012D7A0 /* Base */,
			);
			name = Main.storyboard;
			sourceTree = "<group>";
		};
		59DD28E11EA418F20012D7A0 /* LaunchScreen.storyboard */ = {
			isa = PBXVariantGroup;
			children = (
				59DD28E21EA418F20012D7A0 /* Base */,
			);
			name = LaunchScreen.storyboard;
			sourceTree = "<group>";
		};
/* End PBXVariantGroup section */

/* Begin XCBuildConfiguration section */
		59DD28FB1EA418F20012D7A0 /* Debug */ = {
			isa = XCBuildConfiguration;
			buildSettings = {
				ALWAYS_SEARCH_USER_PATHS = NO;
				CLANG_ANALYZER_NONNULL = YES;
				CLANG_ANALYZER_NUMBER_OBJECT_CONVERSION = YES_AGGRESSIVE;
				CLANG_CXX_LANGUAGE_STANDARD = "gnu++0x";
				CLANG_CXX_LIBRARY = "libc++";
				CLANG_ENABLE_MODULES = YES;
				CLANG_ENABLE_OBJC_ARC = YES;
				CLANG_WARN_BOOL_CONVERSION = YES;
				CLANG_WARN_CONSTANT_CONVERSION = YES;
				CLANG_WARN_DIRECT_OBJC_ISA_USAGE = YES_ERROR;
				CLANG_WARN_DOCUMENTATION_COMMENTS = YES;
				CLANG_WARN_EMPTY_BODY = YES;
				CLANG_WARN_ENUM_CONVERSION = YES;
				CLANG_WARN_INFINITE_RECURSION = YES;
				CLANG_WARN_INT_CONVERSION = YES;
				CLANG_WARN_OBJC_ROOT_CLASS = YES_ERROR;
				CLANG_WARN_SUSPICIOUS_MOVE = YES;
				CLANG_WARN_UNREACHABLE_CODE = YES;
				CLANG_WARN__DUPLICATE_METHOD_MATCH = YES;
				"CODE_SIGN_IDENTITY[sdk=iphoneos*]" = "iPhone Developer";
				COPY_PHASE_STRIP = NO;
				DEBUG_INFORMATION_FORMAT = dwarf;
				ENABLE_STRICT_OBJC_MSGSEND = YES;
				ENABLE_TESTABILITY = YES;
				GCC_C_LANGUAGE_STANDARD = gnu99;
				GCC_DYNAMIC_NO_PIC = NO;
				GCC_NO_COMMON_BLOCKS = YES;
				GCC_OPTIMIZATION_LEVEL = 0;
				GCC_PREPROCESSOR_DEFINITIONS = (
					"DEBUG=1",
					"$(inherited)",
				);
				GCC_WARN_64_TO_32_BIT_CONVERSION = YES;
				GCC_WARN_ABOUT_RETURN_TYPE = YES_ERROR;
				GCC_WARN_UNDECLARED_SELECTOR = YES;
				GCC_WARN_UNINITIALIZED_AUTOS = YES_AGGRESSIVE;
				GCC_WARN_UNUSED_FUNCTION = YES;
				GCC_WARN_UNUSED_VARIABLE = YES;
				IPHONEOS_DEPLOYMENT_TARGET = 10.3;
				MTL_ENABLE_DEBUG_INFO = YES;
				ONLY_ACTIVE_ARCH = YES;
				SDKROOT = iphoneos;
				SWIFT_ACTIVE_COMPILATION_CONDITIONS = DEBUG;
				SWIFT_OPTIMIZATION_LEVEL = "-Onone";
			};
			name = Debug;
		};
		59DD28FC1EA418F20012D7A0 /* Release */ = {
			isa = XCBuildConfiguration;
			buildSettings = {
				ALWAYS_SEARCH_USER_PATHS = NO;
				CLANG_ANALYZER_NONNULL = YES;
				CLANG_ANALYZER_NUMBER_OBJECT_CONVERSION = YES_AGGRESSIVE;
				CLANG_CXX_LANGUAGE_STANDARD = "gnu++0x";
				CLANG_CXX_LIBRARY = "libc++";
				CLANG_ENABLE_MODULES = YES;
				CLANG_ENABLE_OBJC_ARC = YES;
				CLANG_WARN_BOOL_CONVERSION = YES;
				CLANG_WARN_CONSTANT_CONVERSION = YES;
				CLANG_WARN_DIRECT_OBJC_ISA_USAGE = YES_ERROR;
				CLANG_WARN_DOCUMENTATION_COMMENTS = YES;
				CLANG_WARN_EMPTY_BODY = YES;
				CLANG_WARN_ENUM_CONVERSION = YES;
				CLANG_WARN_INFINITE_RECURSION = YES;
				CLANG_WARN_INT_CONVERSION = YES;
				CLANG_WARN_OBJC_ROOT_CLASS = YES_ERROR;
				CLANG_WARN_SUSPICIOUS_MOVE = YES;
				CLANG_WARN_UNREACHABLE_CODE = YES;
				CLANG_WARN__DUPLICATE_METHOD_MATCH = YES;
				"CODE_SIGN_IDENTITY[sdk=iphoneos*]" = "iPhone Developer";
				COPY_PHASE_STRIP = NO;
				DEBUG_INFORMATION_FORMAT = "dwarf-with-dsym";
				ENABLE_NS_ASSERTIONS = NO;
				ENABLE_STRICT_OBJC_MSGSEND = YES;
				GCC_C_LANGUAGE_STANDARD = gnu99;
				GCC_NO_COMMON_BLOCKS = YES;
				GCC_WARN_64_TO_32_BIT_CONVERSION = YES;
				GCC_WARN_ABOUT_RETURN_TYPE = YES_ERROR;
				GCC_WARN_UNDECLARED_SELECTOR = YES;
				GCC_WARN_UNINITIALIZED_AUTOS = YES_AGGRESSIVE;
				GCC_WARN_UNUSED_FUNCTION = YES;
				GCC_WARN_UNUSED_VARIABLE = YES;
				IPHONEOS_DEPLOYMENT_TARGET = 10.3;
				MTL_ENABLE_DEBUG_INFO = NO;
				SDKROOT = iphoneos;
				SWIFT_OPTIMIZATION_LEVEL = "-Owholemodule";
				VALIDATE_PRODUCT = YES;
			};
			name = Release;
		};
		59DD28FE1EA418F20012D7A0 /* Debug */ = {
			isa = XCBuildConfiguration;
			baseConfigurationReference = 3F38A4B5903C13A8866834EF /* Pods-Firegram.debug.xcconfig */;
			buildSettings = {
				ASSETCATALOG_COMPILER_APPICON_NAME = AppIcon;
				DEVELOPMENT_TEAM = 3FYM93LDK9;
				INFOPLIST_FILE = Firegram/Info.plist;
				LD_RUNPATH_SEARCH_PATHS = "$(inherited) @executable_path/Frameworks";
				PRODUCT_BUNDLE_IDENTIFIER = com.nrg.Firegram;
				PRODUCT_NAME = "$(TARGET_NAME)";
				SWIFT_VERSION = 3.0;
			};
			name = Debug;
		};
		59DD28FF1EA418F20012D7A0 /* Release */ = {
			isa = XCBuildConfiguration;
			baseConfigurationReference = 7A7F9AE24F9AB1B38EE6150A /* Pods-Firegram.release.xcconfig */;
			buildSettings = {
				ASSETCATALOG_COMPILER_APPICON_NAME = AppIcon;
				DEVELOPMENT_TEAM = 3FYM93LDK9;
				INFOPLIST_FILE = Firegram/Info.plist;
				LD_RUNPATH_SEARCH_PATHS = "$(inherited) @executable_path/Frameworks";
				PRODUCT_BUNDLE_IDENTIFIER = com.nrg.Firegram;
				PRODUCT_NAME = "$(TARGET_NAME)";
				SWIFT_VERSION = 3.0;
			};
			name = Release;
		};
		59DD29011EA418F20012D7A0 /* Debug */ = {
			isa = XCBuildConfiguration;
			baseConfigurationReference = D3ACE764089519811C9F046C /* Pods-FiregramTests.debug.xcconfig */;
			buildSettings = {
				ALWAYS_EMBED_SWIFT_STANDARD_LIBRARIES = YES;
				BUNDLE_LOADER = "$(TEST_HOST)";
				DEVELOPMENT_TEAM = 3FYM93LDK9;
				INFOPLIST_FILE = FiregramTests/Info.plist;
				LD_RUNPATH_SEARCH_PATHS = "$(inherited) @executable_path/Frameworks @loader_path/Frameworks";
				PRODUCT_BUNDLE_IDENTIFIER = com.nrg.FiregramTests;
				PRODUCT_NAME = "$(TARGET_NAME)";
				SWIFT_VERSION = 3.0;
				TEST_HOST = "$(BUILT_PRODUCTS_DIR)/Firegram.app/Firegram";
			};
			name = Debug;
		};
		59DD29021EA418F20012D7A0 /* Release */ = {
			isa = XCBuildConfiguration;
			baseConfigurationReference = ED92FB03497E38D46EB8FD53 /* Pods-FiregramTests.release.xcconfig */;
			buildSettings = {
				ALWAYS_EMBED_SWIFT_STANDARD_LIBRARIES = YES;
				BUNDLE_LOADER = "$(TEST_HOST)";
				DEVELOPMENT_TEAM = 3FYM93LDK9;
				INFOPLIST_FILE = FiregramTests/Info.plist;
				LD_RUNPATH_SEARCH_PATHS = "$(inherited) @executable_path/Frameworks @loader_path/Frameworks";
				PRODUCT_BUNDLE_IDENTIFIER = com.nrg.FiregramTests;
				PRODUCT_NAME = "$(TARGET_NAME)";
				SWIFT_VERSION = 3.0;
				TEST_HOST = "$(BUILT_PRODUCTS_DIR)/Firegram.app/Firegram";
			};
			name = Release;
		};
		59DD29041EA418F20012D7A0 /* Debug */ = {
			isa = XCBuildConfiguration;
			baseConfigurationReference = 57AF7EC200F7F339166E1E45 /* Pods-FiregramUITests.debug.xcconfig */;
			buildSettings = {
				ALWAYS_EMBED_SWIFT_STANDARD_LIBRARIES = YES;
				DEVELOPMENT_TEAM = 3FYM93LDK9;
				INFOPLIST_FILE = FiregramUITests/Info.plist;
				LD_RUNPATH_SEARCH_PATHS = "$(inherited) @executable_path/Frameworks @loader_path/Frameworks";
				PRODUCT_BUNDLE_IDENTIFIER = com.nrg.FiregramUITests;
				PRODUCT_NAME = "$(TARGET_NAME)";
				SWIFT_VERSION = 3.0;
				TEST_TARGET_NAME = Firegram;
			};
			name = Debug;
		};
		59DD29051EA418F20012D7A0 /* Release */ = {
			isa = XCBuildConfiguration;
			baseConfigurationReference = 8CCAC5975CD863DAFFB0DD91 /* Pods-FiregramUITests.release.xcconfig */;
			buildSettings = {
				ALWAYS_EMBED_SWIFT_STANDARD_LIBRARIES = YES;
				DEVELOPMENT_TEAM = 3FYM93LDK9;
				INFOPLIST_FILE = FiregramUITests/Info.plist;
				LD_RUNPATH_SEARCH_PATHS = "$(inherited) @executable_path/Frameworks @loader_path/Frameworks";
				PRODUCT_BUNDLE_IDENTIFIER = com.nrg.FiregramUITests;
				PRODUCT_NAME = "$(TARGET_NAME)";
				SWIFT_VERSION = 3.0;
				TEST_TARGET_NAME = Firegram;
			};
			name = Release;
		};
/* End XCBuildConfiguration section */

/* Begin XCConfigurationList section */
		59DD28D01EA418F10012D7A0 /* Build configuration list for PBXProject "Firegram" */ = {
			isa = XCConfigurationList;
			buildConfigurations = (
				59DD28FB1EA418F20012D7A0 /* Debug */,
				59DD28FC1EA418F20012D7A0 /* Release */,
			);
			defaultConfigurationIsVisible = 0;
			defaultConfigurationName = Release;
		};
		59DD28FD1EA418F20012D7A0 /* Build configuration list for PBXNativeTarget "Firegram" */ = {
			isa = XCConfigurationList;
			buildConfigurations = (
				59DD28FE1EA418F20012D7A0 /* Debug */,
				59DD28FF1EA418F20012D7A0 /* Release */,
			);
			defaultConfigurationIsVisible = 0;
			defaultConfigurationName = Release;
		};
		59DD29001EA418F20012D7A0 /* Build configuration list for PBXNativeTarget "FiregramTests" */ = {
			isa = XCConfigurationList;
			buildConfigurations = (
				59DD29011EA418F20012D7A0 /* Debug */,
				59DD29021EA418F20012D7A0 /* Release */,
			);
			defaultConfigurationIsVisible = 0;
			defaultConfigurationName = Release;
		};
		59DD29031EA418F20012D7A0 /* Build configuration list for PBXNativeTarget "FiregramUITests" */ = {
			isa = XCConfigurationList;
			buildConfigurations = (
				59DD29041EA418F20012D7A0 /* Debug */,
				59DD29051EA418F20012D7A0 /* Release */,
			);
			defaultConfigurationIsVisible = 0;
			defaultConfigurationName = Release;
		};
/* End XCConfigurationList section */
	};
	rootObject = 59DD28CD1EA418F10012D7A0 /* Project object */;
}
